---
name: Bundix Lock

on:  # yamllint disable-line rule:truthy
  workflow_dispatch:

  schedule:
    - cron: "0 0 1 * *"

jobs:
  bundix-lock:
    runs-on: ubuntu-22.04

    permissions:
      contents: write
      pull-requests: write

    steps:
      - uses: actions/checkout@v4
      - uses: DeterminateSystems/nix-installer-action@v15
      - uses: DeterminateSystems/magic-nix-cache-action@v8
      - run: nix run .#bundix-lock

      - uses: peter-evans/create-pull-request@v7.0.5
        with:
          body: >
            Automated changes by the `.github/workflows/bundix_lock.yml` GitHub
            Action.

          branch: update_gemfile_lock_action
          commit-message: "gemfile: update all inputs"
          labels: dependencies
          title: "gemfile: update all inputs"
