---
name: Bundix Lock

on:
  workflow_dispatch:

  schedule:
    - cron: "0 0 1 * *"

jobs:
  bundix-lock:
    runs-on: ubuntu-22.04

    permissions:
      contents: write
      pull-requests: write

    steps:
      - uses: actions/checkout@v4
      - uses: DeterminateSystems/nix-installer-action@v10
      - uses: DeterminateSystems/magic-nix-cache-action@v3
      - run: rm Gemfile.lock gemset.nix
      - run: nix develop --command bundix --lock

      - uses: peter-evans/create-pull-request@v6.0.2
        with:
          body: >
            Automated changes by the `.github/workflows/bundix_lock.yml` GitHub
            Action.

          branch: update_gemfile_lock_action
          commit-message: "ci(gemfile): update all inputs"
          labels: dependencies
          title: "ci(gemfile): update all inputs"
